
Microsoft Visual Studio Solution File, Format Version 12.00
# Visual Studio Version 17
VisualStudioVersion = 17.4.33103.184
MinimumVisualStudioVersion = 10.0.40219.1
Project("{FAE04EC0-301F-11D3-BF4B-00C04F79EFBC}") = "3labwork16-02", "3labwork16-02.csproj", "{CF86173F-9D3F-4FDB-8745-5D0C17772F4E}"
EndProject
Global
	GlobalSection(SolutionConfigurationPlatforms) = preSolution
		Debug|Any CPU = Debug|Any CPU
		Release|Any CPU = Release|Any CPU
	EndGlobalSection
	GlobalSection(ProjectConfigurationPlatforms) = postSolution
		{CF86173F-9D3F-4FDB-8745-5D0C17772F4E}.Debug|Any CPU.ActiveCfg = Debug|Any CPU
		{CF86173F-9D3F-4FDB-8745-5D0C17772F4E}.Debug|Any CPU.Build.0 = Debug|Any CPU
		{CF86173F-9D3F-4FDB-8745-5D0C17772F4E}.Release|Any CPU.ActiveCfg = Release|Any CPU
		{CF86173F-9D3F-4FDB-8745-5D0C17772F4E}.Release|Any CPU.Build.0 = Release|Any CPU
	EndGlobalSection
	GlobalSection(SolutionProperties) = preSolution
		HideSolutionNode = FALSE
	EndGlobalSection
	GlobalSection(ExtensibilityGlobals) = postSolution
		SolutionGuid = {E65DA778-8214-4760-9F1A-79AA618C75B0}
	EndGlobalSection
EndGlobal
